
Microsoft Visual Studio Solution File, Format Version 12.00
# Visual Studio Version 16
VisualStudioVersion = 16.0.28721.148
MinimumVisualStudioVersion = 10.0.40219.1
Project("{FAE04EC0-301F-11D3-BF4B-00C04F79EFBC}") = "Video_05_Коллекции", "Video_5_Коллекции\Video_05_Коллекции.csproj", "{A32F4942-4CED-4D62-91EC-721A85FE6413}"
EndProject
Project("{FAE04EC0-301F-11D3-BF4B-00C04F79EFBC}") = "Video_04_Приведение типов", "Video_4_Приведение типов\Video_04_Приведение типов.csproj", "{CFAE49E3-2063-4145-95BB-13CBEC62B550}"
EndProject
Project("{FAE04EC0-301F-11D3-BF4B-00C04F79EFBC}") = "Video_06_Условный операток", "Video_6_Условный операток\Video_06_Условный операток.csproj", "{9018115D-6C1C-4401-B613-2C029F511F80}"
EndProject
Project("{FAE04EC0-301F-11D3-BF4B-00C04F79EFBC}") = "Video_07_Циклы", "Video_7_Циклы\Video_07_Циклы.csproj", "{FE3382F3-D5AD-4195-9B01-0EED120C91F6}"
EndProject
Project("{FAE04EC0-301F-11D3-BF4B-00C04F79EFBC}") = "Video_08_ООП", "Video_8_ООП\Video_08_ООП.csproj", "{28737A6B-8A60-49B3-812E-4AB0A058F16C}"
EndProject
Project("{FAE04EC0-301F-11D3-BF4B-00C04F79EFBC}") = "Video_09_Классы", "Video_9_Классы\Video_09_Классы.csproj", "{1F1A7CF6-8127-40DD-A141-9F4796BB4B94}"
EndProject
Project("{FAE04EC0-301F-11D3-BF4B-00C04F79EFBC}") = "Develop", "Develop\Develop.csproj", "{D75305E1-4A5B-4EE3-8382-62CC1EC32E2C}"
EndProject
Project("{FAE04EC0-301F-11D3-BF4B-00C04F79EFBC}") = "Video_10_Методы", "Video_10_Методы\Video_10_Методы.csproj", "{9A196CF5-4BD6-48FF-B3CD-5C17DC7C2DE6}"
EndProject
Project("{FAE04EC0-301F-11D3-BF4B-00C04F79EFBC}") = "Video_11_Перегрузка операторов", "Video_11_Перегрузка операторов\Video_11_Перегрузка операторов.csproj", "{548DCB8F-9201-42D0-A915-7A48385712F4}"
EndProject
Project("{FAE04EC0-301F-11D3-BF4B-00C04F79EFBC}") = "Video_12_Generic_Обобщения", "Video_12_Generic_Обобщения\Video_12_Generic_Обобщения.csproj", "{D8B3C286-46C0-4688-B8CC-183D74D9DEE3}"
EndProject
Project("{FAE04EC0-301F-11D3-BF4B-00C04F79EFBC}") = "Video_13_Interface_Интерфейсы", "Video_13_Interface_Интерфейсы\Video_13_Interface_Интерфейсы.csproj", "{182B48CA-E427-4A5F-B8CD-510D1D9F616F}"
EndProject
Project("{FAE04EC0-301F-11D3-BF4B-00C04F79EFBC}") = "Video_14_Exception_Исключения", "Video_14_Exception_Исключения\Video_14_Exception_Исключения.csproj", "{6DF91387-A2CA-459A-9016-1AF6B7C2D06B}"
EndProject
Project("{FAE04EC0-301F-11D3-BF4B-00C04F79EFBC}") = "Video_15_Delegate_Event", "Video_15_Delegate_Event\Video_15_Delegate_Event.csproj", "{3BB3E655-A27F-4154-B597-CF44295D9ACD}"
EndProject
Project("{FAE04EC0-301F-11D3-BF4B-00C04F79EFBC}") = "Video_16_Stream_File", "Video_16_Stream_File\Video_16_Stream_File.csproj", "{BB6451BC-E3E3-40CD-9A67-D8D0415CD61E}"
EndProject
Global
	GlobalSection(SolutionConfigurationPlatforms) = preSolution
		Debug|Any CPU = Debug|Any CPU
		Release|Any CPU = Release|Any CPU
	EndGlobalSection
	GlobalSection(ProjectConfigurationPlatforms) = postSolution
		{A32F4942-4CED-4D62-91EC-721A85FE6413}.Debug|Any CPU.ActiveCfg = Debug|Any CPU
		{A32F4942-4CED-4D62-91EC-721A85FE6413}.Debug|Any CPU.Build.0 = Debug|Any CPU
		{A32F4942-4CED-4D62-91EC-721A85FE6413}.Release|Any CPU.ActiveCfg = Release|Any CPU
		{A32F4942-4CED-4D62-91EC-721A85FE6413}.Release|Any CPU.Build.0 = Release|Any CPU
		{CFAE49E3-2063-4145-95BB-13CBEC62B550}.Debug|Any CPU.ActiveCfg = Debug|Any CPU
		{CFAE49E3-2063-4145-95BB-13CBEC62B550}.Debug|Any CPU.Build.0 = Debug|Any CPU
		{CFAE49E3-2063-4145-95BB-13CBEC62B550}.Release|Any CPU.ActiveCfg = Release|Any CPU
		{CFAE49E3-2063-4145-95BB-13CBEC62B550}.Release|Any CPU.Build.0 = Release|Any CPU
		{9018115D-6C1C-4401-B613-2C029F511F80}.Debug|Any CPU.ActiveCfg = Debug|Any CPU
		{9018115D-6C1C-4401-B613-2C029F511F80}.Debug|Any CPU.Build.0 = Debug|Any CPU
		{9018115D-6C1C-4401-B613-2C029F511F80}.Release|Any CPU.ActiveCfg = Release|Any CPU
		{9018115D-6C1C-4401-B613-2C029F511F80}.Release|Any CPU.Build.0 = Release|Any CPU
		{FE3382F3-D5AD-4195-9B01-0EED120C91F6}.Debug|Any CPU.ActiveCfg = Debug|Any CPU
		{FE3382F3-D5AD-4195-9B01-0EED120C91F6}.Debug|Any CPU.Build.0 = Debug|Any CPU
		{FE3382F3-D5AD-4195-9B01-0EED120C91F6}.Release|Any CPU.ActiveCfg = Release|Any CPU
		{FE3382F3-D5AD-4195-9B01-0EED120C91F6}.Release|Any CPU.Build.0 = Release|Any CPU
		{28737A6B-8A60-49B3-812E-4AB0A058F16C}.Debug|Any CPU.ActiveCfg = Debug|Any CPU
		{28737A6B-8A60-49B3-812E-4AB0A058F16C}.Debug|Any CPU.Build.0 = Debug|Any CPU
		{28737A6B-8A60-49B3-812E-4AB0A058F16C}.Release|Any CPU.ActiveCfg = Release|Any CPU
		{28737A6B-8A60-49B3-812E-4AB0A058F16C}.Release|Any CPU.Build.0 = Release|Any CPU
		{1F1A7CF6-8127-40DD-A141-9F4796BB4B94}.Debug|Any CPU.ActiveCfg = Debug|Any CPU
		{1F1A7CF6-8127-40DD-A141-9F4796BB4B94}.Debug|Any CPU.Build.0 = Debug|Any CPU
		{1F1A7CF6-8127-40DD-A141-9F4796BB4B94}.Release|Any CPU.ActiveCfg = Release|Any CPU
		{1F1A7CF6-8127-40DD-A141-9F4796BB4B94}.Release|Any CPU.Build.0 = Release|Any CPU
		{D75305E1-4A5B-4EE3-8382-62CC1EC32E2C}.Debug|Any CPU.ActiveCfg = Debug|Any CPU
		{D75305E1-4A5B-4EE3-8382-62CC1EC32E2C}.Debug|Any CPU.Build.0 = Debug|Any CPU
		{D75305E1-4A5B-4EE3-8382-62CC1EC32E2C}.Release|Any CPU.ActiveCfg = Release|Any CPU
		{D75305E1-4A5B-4EE3-8382-62CC1EC32E2C}.Release|Any CPU.Build.0 = Release|Any CPU
		{9A196CF5-4BD6-48FF-B3CD-5C17DC7C2DE6}.Debug|Any CPU.ActiveCfg = Debug|Any CPU
		{9A196CF5-4BD6-48FF-B3CD-5C17DC7C2DE6}.Debug|Any CPU.Build.0 = Debug|Any CPU
		{9A196CF5-4BD6-48FF-B3CD-5C17DC7C2DE6}.Release|Any CPU.ActiveCfg = Release|Any CPU
		{9A196CF5-4BD6-48FF-B3CD-5C17DC7C2DE6}.Release|Any CPU.Build.0 = Release|Any CPU
		{548DCB8F-9201-42D0-A915-7A48385712F4}.Debug|Any CPU.ActiveCfg = Debug|Any CPU
		{548DCB8F-9201-42D0-A915-7A48385712F4}.Debug|Any CPU.Build.0 = Debug|Any CPU
		{548DCB8F-9201-42D0-A915-7A48385712F4}.Release|Any CPU.ActiveCfg = Release|Any CPU
		{548DCB8F-9201-42D0-A915-7A48385712F4}.Release|Any CPU.Build.0 = Release|Any CPU
		{D8B3C286-46C0-4688-B8CC-183D74D9DEE3}.Debug|Any CPU.ActiveCfg = Debug|Any CPU
		{D8B3C286-46C0-4688-B8CC-183D74D9DEE3}.Debug|Any CPU.Build.0 = Debug|Any CPU
		{D8B3C286-46C0-4688-B8CC-183D74D9DEE3}.Release|Any CPU.ActiveCfg = Release|Any CPU
		{D8B3C286-46C0-4688-B8CC-183D74D9DEE3}.Release|Any CPU.Build.0 = Release|Any CPU
		{182B48CA-E427-4A5F-B8CD-510D1D9F616F}.Debug|Any CPU.ActiveCfg = Debug|Any CPU
		{182B48CA-E427-4A5F-B8CD-510D1D9F616F}.Debug|Any CPU.Build.0 = Debug|Any CPU
		{182B48CA-E427-4A5F-B8CD-510D1D9F616F}.Release|Any CPU.ActiveCfg = Release|Any CPU
		{182B48CA-E427-4A5F-B8CD-510D1D9F616F}.Release|Any CPU.Build.0 = Release|Any CPU
		{6DF91387-A2CA-459A-9016-1AF6B7C2D06B}.Debug|Any CPU.ActiveCfg = Debug|Any CPU
		{6DF91387-A2CA-459A-9016-1AF6B7C2D06B}.Debug|Any CPU.Build.0 = Debug|Any CPU
		{6DF91387-A2CA-459A-9016-1AF6B7C2D06B}.Release|Any CPU.ActiveCfg = Release|Any CPU
		{6DF91387-A2CA-459A-9016-1AF6B7C2D06B}.Release|Any CPU.Build.0 = Release|Any CPU
		{3BB3E655-A27F-4154-B597-CF44295D9ACD}.Debug|Any CPU.ActiveCfg = Debug|Any CPU
		{3BB3E655-A27F-4154-B597-CF44295D9ACD}.Debug|Any CPU.Build.0 = Debug|Any CPU
		{3BB3E655-A27F-4154-B597-CF44295D9ACD}.Release|Any CPU.ActiveCfg = Release|Any CPU
		{3BB3E655-A27F-4154-B597-CF44295D9ACD}.Release|Any CPU.Build.0 = Release|Any CPU
		{BB6451BC-E3E3-40CD-9A67-D8D0415CD61E}.Debug|Any CPU.ActiveCfg = Debug|Any CPU
		{BB6451BC-E3E3-40CD-9A67-D8D0415CD61E}.Debug|Any CPU.Build.0 = Debug|Any CPU
		{BB6451BC-E3E3-40CD-9A67-D8D0415CD61E}.Release|Any CPU.ActiveCfg = Release|Any CPU
		{BB6451BC-E3E3-40CD-9A67-D8D0415CD61E}.Release|Any CPU.Build.0 = Release|Any CPU
	EndGlobalSection
	GlobalSection(SolutionProperties) = preSolution
		HideSolutionNode = FALSE
	EndGlobalSection
	GlobalSection(ExtensibilityGlobals) = postSolution
		SolutionGuid = {9B0A428D-F77E-4203-8987-303FD9CB6E56}
	EndGlobalSection
EndGlobal
